Microsoft Visual Studio Solution File, Format Version 12.00
# Visual Studio Version 17
VisualStudioVersion = 17.5.2.0
MinimumVisualStudioVersion = 10.0.40219.1
Project("{FAE04EC0-301F-11D3-BF4B-00C04F79EFBC}") = "InternalToolsDashboard", "blazor-app\InternalToolsDashboard.csproj", "{56568C34-0A75-88C7-4E6A-3C92ECE2167B}"
EndProject
Global
	GlobalSection(SolutionConfigurationPlatforms) = preSolution
		Debug|Any CPU = Debug|Any CPU
		Release|Any CPU = Release|Any CPU
	EndGlobalSection
	GlobalSection(ProjectConfigurationPlatforms) = postSolution
		{56568C34-0A75-88C7-4E6A-3C92ECE2167B}.Debug|Any CPU.ActiveCfg = Debug|Any CPU
		{56568C34-0A75-88C7-4E6A-3C92ECE2167B}.Debug|Any CPU.Build.0 = Debug|Any CPU
		{56568C34-0A75-88C7-4E6A-3C92ECE2167B}.Release|Any CPU.ActiveCfg = Release|Any CPU
		{56568C34-0A75-88C7-4E6A-3C92ECE2167B}.Release|Any CPU.Build.0 = Release|Any CPU
	EndGlobalSection
	GlobalSection(SolutionProperties) = preSolution
		HideSolutionNode = FALSE
	EndGlobalSection
	GlobalSection(ExtensibilityGlobals) = postSolution
		SolutionGuid = {8732E52A-820B-476A-AC9C-2B020A07026B}
	EndGlobalSection
EndGlobal
